
Microsoft Visual Studio Solution File, Format Version 12.00
# Visual Studio 2012
Project("{FAE04EC0-301F-11D3-BF4B-00C04F79EFBC}") = "ColorMine", "ColorMine\ColorMine.csproj", "{AE7DC769-4A71-49BA-BDD7-281F3E70B02A}"
EndProject
Project("{FAE04EC0-301F-11D3-BF4B-00C04F79EFBC}") = "ColorMine.Test", "ColorMine.Test\ColorMine.Test.csproj", "{318DFB24-B947-4B07-AFDB-561A262EB424}"
EndProject
Project("{FAE04EC0-301F-11D3-BF4B-00C04F79EFBC}") = "ColorMine.Search", "ColorMine.Search\ColorMine.Search.csproj", "{97D04F57-9DEC-41A2-9904-69C9C43EBD20}"
EndProject
Project("{FAE04EC0-301F-11D3-BF4B-00C04F79EFBC}") = "ColorMine.Search.Test", "ColorMine.Search.Test\ColorMine.Search.Test.csproj", "{E5E075E5-26A3-484C-84A7-C169B3CEEF00}"
EndProject
Global
	GlobalSection(SolutionConfigurationPlatforms) = preSolution
		Debug|Any CPU = Debug|Any CPU
		Release|Any CPU = Release|Any CPU
	EndGlobalSection
	GlobalSection(ProjectConfigurationPlatforms) = postSolution
		{AE7DC769-4A71-49BA-BDD7-281F3E70B02A}.Debug|Any CPU.ActiveCfg = Debug|Any CPU
		{AE7DC769-4A71-49BA-BDD7-281F3E70B02A}.Debug|Any CPU.Build.0 = Debug|Any CPU
		{AE7DC769-4A71-49BA-BDD7-281F3E70B02A}.Release|Any CPU.ActiveCfg = Release|Any CPU
		{AE7DC769-4A71-49BA-BDD7-281F3E70B02A}.Release|Any CPU.Build.0 = Release|Any CPU
		{318DFB24-B947-4B07-AFDB-561A262EB424}.Debug|Any CPU.ActiveCfg = Debug|Any CPU
		{318DFB24-B947-4B07-AFDB-561A262EB424}.Debug|Any CPU.Build.0 = Debug|Any CPU
		{318DFB24-B947-4B07-AFDB-561A262EB424}.Release|Any CPU.ActiveCfg = Release|Any CPU
		{318DFB24-B947-4B07-AFDB-561A262EB424}.Release|Any CPU.Build.0 = Release|Any CPU
		{97D04F57-9DEC-41A2-9904-69C9C43EBD20}.Debug|Any CPU.ActiveCfg = Debug|Any CPU
		{97D04F57-9DEC-41A2-9904-69C9C43EBD20}.Debug|Any CPU.Build.0 = Debug|Any CPU
		{97D04F57-9DEC-41A2-9904-69C9C43EBD20}.Release|Any CPU.ActiveCfg = Release|Any CPU
		{97D04F57-9DEC-41A2-9904-69C9C43EBD20}.Release|Any CPU.Build.0 = Release|Any CPU
		{E5E075E5-26A3-484C-84A7-C169B3CEEF00}.Debug|Any CPU.ActiveCfg = Debug|Any CPU
		{E5E075E5-26A3-484C-84A7-C169B3CEEF00}.Debug|Any CPU.Build.0 = Debug|Any CPU
		{E5E075E5-26A3-484C-84A7-C169B3CEEF00}.Release|Any CPU.ActiveCfg = Release|Any CPU
		{E5E075E5-26A3-484C-84A7-C169B3CEEF00}.Release|Any CPU.Build.0 = Release|Any CPU
	EndGlobalSection
	GlobalSection(SolutionProperties) = preSolution
		HideSolutionNode = FALSE
	EndGlobalSection
EndGlobal
