
Microsoft Visual Studio Solution File, Format Version 12.00
# Visual Studio 2012
Project("{FAE04EC0-301F-11D3-BF4B-00C04F79EFBC}") = "colormine", "colormine\colormine.csproj", "{AE7DC769-4A71-49BA-BDD7-281F3E70B02A}"
EndProject
Global
	GlobalSection(SolutionConfigurationPlatforms) = preSolution
		Debug|Any CPU = Debug|Any CPU
		Release|Any CPU = Release|Any CPU
	EndGlobalSection
	GlobalSection(ProjectConfigurationPlatforms) = postSolution
		{AE7DC769-4A71-49BA-BDD7-281F3E70B02A}.Debug|Any CPU.ActiveCfg = Debug|Any CPU
		{AE7DC769-4A71-49BA-BDD7-281F3E70B02A}.Debug|Any CPU.Build.0 = Debug|Any CPU
		{AE7DC769-4A71-49BA-BDD7-281F3E70B02A}.Release|Any CPU.ActiveCfg = Release|Any CPU
		{AE7DC769-4A71-49BA-BDD7-281F3E70B02A}.Release|Any CPU.Build.0 = Release|Any CPU
	EndGlobalSection
	GlobalSection(SolutionProperties) = preSolution
		HideSolutionNode = FALSE
	EndGlobalSection
EndGlobal
